
Microsoft Visual Studio Solution File, Format Version 12.00
# Visual Studio Version 16
VisualStudioVersion = 16.0.34407.143
MinimumVisualStudioVersion = 10.0.40219.1
Project("{FAE04EC0-301F-11D3-BF4B-00C04F79EFBC}") = "NewGoslingCinema", "NewGoslingCinema\NewGoslingCinema.csproj", "{88019604-470E-4FDC-BF2F-E833AF345479}"
EndProject
Global
	GlobalSection(SolutionConfigurationPlatforms) = preSolution
		Debug|Any CPU = Debug|Any CPU
		Release|Any CPU = Release|Any CPU
	EndGlobalSection
	GlobalSection(ProjectConfigurationPlatforms) = postSolution
		{88019604-470E-4FDC-BF2F-E833AF345479}.Debug|Any CPU.ActiveCfg = Debug|Any CPU
		{88019604-470E-4FDC-BF2F-E833AF345479}.Debug|Any CPU.Build.0 = Debug|Any CPU
		{88019604-470E-4FDC-BF2F-E833AF345479}.Release|Any CPU.ActiveCfg = Release|Any CPU
		{88019604-470E-4FDC-BF2F-E833AF345479}.Release|Any CPU.Build.0 = Release|Any CPU
	EndGlobalSection
	GlobalSection(SolutionProperties) = preSolution
		HideSolutionNode = FALSE
	EndGlobalSection
	GlobalSection(ExtensibilityGlobals) = postSolution
		SolutionGuid = {1010E809-ED07-498F-A71E-9BA8F8D7D2CE}
	EndGlobalSection
EndGlobal
